
Microsoft Visual Studio Solution File, Format Version 12.00
# Visual Studio Version 17
VisualStudioVersion = 17.0.31903.59
MinimumVisualStudioVersion = 10.0.40219.1
Project("{9A19103F-16F7-4668-BE54-9A1E7A4F7556}") = "LanguageFeatures", "LanguageFeatures\LanguageFeatures.csproj", "{9B9784FB-D629-4C6C-83EE-CF223E4164CE}"
EndProject
Project("{2150E333-8FDC-42A3-9474-1A3956D46DE8}") = "Testing", "Testing", "{7F3CDB51-1977-4061-9EBE-14174975117A}"
EndProject
Project("{9A19103F-16F7-4668-BE54-9A1E7A4F7556}") = "SimpleApp", "Testing\SimpleApp\SimpleApp.csproj", "{4E288D7E-E899-4971-8B98-5E30365946F1}"
EndProject
Project("{9A19103F-16F7-4668-BE54-9A1E7A4F7556}") = "SimpleApp.Tests", "Testing\SimpleApp.Tests\SimpleApp.Tests.csproj", "{D3D68353-2AA7-4C51-83A1-F69E8731E8CB}"
EndProject
Project("{9A19103F-16F7-4668-BE54-9A1E7A4F7556}") = "PartyInvites", "PartyInvites\PartyInvites.csproj", "{C5E1FEED-D313-4877-B077-7698DBF79909}"
EndProject
Project("{2150E333-8FDC-42A3-9474-1A3956D46DE8}") = "SportsStore", "SportsStore", "{FA44B66F-2345-494B-A9EF-B7ACD4559810}"
EndProject
Project("{2150E333-8FDC-42A3-9474-1A3956D46DE8}") = "LanguageFeatures", "LanguageFeatures", "{15669549-A24D-4BFB-AB6E-27F4D5FDA21E}"
EndProject
Project("{2150E333-8FDC-42A3-9474-1A3956D46DE8}") = "PartyInvites", "PartyInvites", "{EBBE1058-84BE-4C9D-AFE0-D511512E05F4}"
EndProject
Project("{2150E333-8FDC-42A3-9474-1A3956D46DE8}") = "Tests", "Tests", "{DDB65C33-7BC3-4A95-8DA7-E1E406F40B4E}"
EndProject
Project("{2150E333-8FDC-42A3-9474-1A3956D46DE8}") = "SportsStore", "SportsStore", "{1829E3A9-B23B-4F91-912E-50A57812AF26}"
EndProject
Project("{9A19103F-16F7-4668-BE54-9A1E7A4F7556}") = "SportsStore", "SportsStore\SportsStore\SportsStore.csproj", "{37337216-786F-47C7-B23B-C656BFCB179B}"
EndProject
Project("{9A19103F-16F7-4668-BE54-9A1E7A4F7556}") = "SportsStore.Tests", "SportsStore\Tests\SportsStore.Tests\SportsStore.Tests.csproj", "{C200A04E-C28D-41B3-B743-D4934F20CDFD}"
EndProject
Project("{2150E333-8FDC-42A3-9474-1A3956D46DE8}") = "CorePlatform", "CorePlatform", "{4F1C2549-A6C0-47F0-B688-970A88DD6456}"
EndProject
Project("{2150E333-8FDC-42A3-9474-1A3956D46DE8}") = "Platform", "Platform", "{B38DD083-DA43-466D-8A55-13B390177D24}"
EndProject
Project("{9A19103F-16F7-4668-BE54-9A1E7A4F7556}") = "Platform", "CorePlatform\Platform\Platform.csproj", "{6FA5BFF4-610A-41D6-8DFF-A5DFC9FD42E6}"
EndProject
Project("{2150E333-8FDC-42A3-9474-1A3956D46DE8}") = "ExampleProject", "ExampleProject", "{C6A25899-FC28-49C2-93B0-0659854F5311}"
EndProject
Project("{2150E333-8FDC-42A3-9474-1A3956D46DE8}") = "WebApp", "WebApp", "{AE3EF833-0E82-4874-BE21-B64D384EFA90}"
EndProject
Project("{9A19103F-16F7-4668-BE54-9A1E7A4F7556}") = "WebApp", "ExampleProject\WebApp\WebApp.csproj", "{213F744D-64F5-45D2-B2A2-E09A4678BCC1}"
EndProject
Global
	GlobalSection(SolutionConfigurationPlatforms) = preSolution
		Debug|Any CPU = Debug|Any CPU
		Release|Any CPU = Release|Any CPU
	EndGlobalSection
	GlobalSection(ProjectConfigurationPlatforms) = postSolution
		{9B9784FB-D629-4C6C-83EE-CF223E4164CE}.Debug|Any CPU.ActiveCfg = Debug|Any CPU
		{9B9784FB-D629-4C6C-83EE-CF223E4164CE}.Debug|Any CPU.Build.0 = Debug|Any CPU
		{9B9784FB-D629-4C6C-83EE-CF223E4164CE}.Release|Any CPU.ActiveCfg = Release|Any CPU
		{9B9784FB-D629-4C6C-83EE-CF223E4164CE}.Release|Any CPU.Build.0 = Release|Any CPU
		{4E288D7E-E899-4971-8B98-5E30365946F1}.Debug|Any CPU.ActiveCfg = Debug|Any CPU
		{4E288D7E-E899-4971-8B98-5E30365946F1}.Debug|Any CPU.Build.0 = Debug|Any CPU
		{4E288D7E-E899-4971-8B98-5E30365946F1}.Release|Any CPU.ActiveCfg = Release|Any CPU
		{4E288D7E-E899-4971-8B98-5E30365946F1}.Release|Any CPU.Build.0 = Release|Any CPU
		{D3D68353-2AA7-4C51-83A1-F69E8731E8CB}.Debug|Any CPU.ActiveCfg = Debug|Any CPU
		{D3D68353-2AA7-4C51-83A1-F69E8731E8CB}.Debug|Any CPU.Build.0 = Debug|Any CPU
		{D3D68353-2AA7-4C51-83A1-F69E8731E8CB}.Release|Any CPU.ActiveCfg = Release|Any CPU
		{D3D68353-2AA7-4C51-83A1-F69E8731E8CB}.Release|Any CPU.Build.0 = Release|Any CPU
		{C5E1FEED-D313-4877-B077-7698DBF79909}.Debug|Any CPU.ActiveCfg = Debug|Any CPU
		{C5E1FEED-D313-4877-B077-7698DBF79909}.Debug|Any CPU.Build.0 = Debug|Any CPU
		{C5E1FEED-D313-4877-B077-7698DBF79909}.Release|Any CPU.ActiveCfg = Release|Any CPU
		{C5E1FEED-D313-4877-B077-7698DBF79909}.Release|Any CPU.Build.0 = Release|Any CPU
		{37337216-786F-47C7-B23B-C656BFCB179B}.Debug|Any CPU.ActiveCfg = Debug|Any CPU
		{37337216-786F-47C7-B23B-C656BFCB179B}.Debug|Any CPU.Build.0 = Debug|Any CPU
		{37337216-786F-47C7-B23B-C656BFCB179B}.Release|Any CPU.ActiveCfg = Release|Any CPU
		{37337216-786F-47C7-B23B-C656BFCB179B}.Release|Any CPU.Build.0 = Release|Any CPU
		{C200A04E-C28D-41B3-B743-D4934F20CDFD}.Debug|Any CPU.ActiveCfg = Debug|Any CPU
		{C200A04E-C28D-41B3-B743-D4934F20CDFD}.Debug|Any CPU.Build.0 = Debug|Any CPU
		{C200A04E-C28D-41B3-B743-D4934F20CDFD}.Release|Any CPU.ActiveCfg = Release|Any CPU
		{C200A04E-C28D-41B3-B743-D4934F20CDFD}.Release|Any CPU.Build.0 = Release|Any CPU
		{6FA5BFF4-610A-41D6-8DFF-A5DFC9FD42E6}.Debug|Any CPU.ActiveCfg = Debug|Any CPU
		{6FA5BFF4-610A-41D6-8DFF-A5DFC9FD42E6}.Debug|Any CPU.Build.0 = Debug|Any CPU
		{6FA5BFF4-610A-41D6-8DFF-A5DFC9FD42E6}.Release|Any CPU.ActiveCfg = Release|Any CPU
		{6FA5BFF4-610A-41D6-8DFF-A5DFC9FD42E6}.Release|Any CPU.Build.0 = Release|Any CPU
		{213F744D-64F5-45D2-B2A2-E09A4678BCC1}.Debug|Any CPU.ActiveCfg = Debug|Any CPU
		{213F744D-64F5-45D2-B2A2-E09A4678BCC1}.Debug|Any CPU.Build.0 = Debug|Any CPU
		{213F744D-64F5-45D2-B2A2-E09A4678BCC1}.Release|Any CPU.ActiveCfg = Release|Any CPU
		{213F744D-64F5-45D2-B2A2-E09A4678BCC1}.Release|Any CPU.Build.0 = Release|Any CPU
	EndGlobalSection
	GlobalSection(SolutionProperties) = preSolution
		HideSolutionNode = FALSE
	EndGlobalSection
	GlobalSection(NestedProjects) = preSolution
		{9B9784FB-D629-4C6C-83EE-CF223E4164CE} = {15669549-A24D-4BFB-AB6E-27F4D5FDA21E}
		{4E288D7E-E899-4971-8B98-5E30365946F1} = {7F3CDB51-1977-4061-9EBE-14174975117A}
		{D3D68353-2AA7-4C51-83A1-F69E8731E8CB} = {7F3CDB51-1977-4061-9EBE-14174975117A}
		{C5E1FEED-D313-4877-B077-7698DBF79909} = {EBBE1058-84BE-4C9D-AFE0-D511512E05F4}
		{DDB65C33-7BC3-4A95-8DA7-E1E406F40B4E} = {FA44B66F-2345-494B-A9EF-B7ACD4559810}
		{1829E3A9-B23B-4F91-912E-50A57812AF26} = {FA44B66F-2345-494B-A9EF-B7ACD4559810}
		{37337216-786F-47C7-B23B-C656BFCB179B} = {1829E3A9-B23B-4F91-912E-50A57812AF26}
		{C200A04E-C28D-41B3-B743-D4934F20CDFD} = {DDB65C33-7BC3-4A95-8DA7-E1E406F40B4E}
		{B38DD083-DA43-466D-8A55-13B390177D24} = {4F1C2549-A6C0-47F0-B688-970A88DD6456}
		{6FA5BFF4-610A-41D6-8DFF-A5DFC9FD42E6} = {B38DD083-DA43-466D-8A55-13B390177D24}
		{AE3EF833-0E82-4874-BE21-B64D384EFA90} = {C6A25899-FC28-49C2-93B0-0659854F5311}
		{213F744D-64F5-45D2-B2A2-E09A4678BCC1} = {AE3EF833-0E82-4874-BE21-B64D384EFA90}
	EndGlobalSection
	GlobalSection(ExtensibilityGlobals) = postSolution
		SolutionGuid = {30C3E1E1-9C44-4A81-A63D-433ABE865242}
	EndGlobalSection
EndGlobal
