
Microsoft Visual Studio Solution File, Format Version 12.00
# Visual Studio Version 17
VisualStudioVersion = 17.0.31903.59
MinimumVisualStudioVersion = 10.0.40219.1
Project("{9A19103F-16F7-4668-BE54-9A1E7A4F7556}") = "LanguageFeatures", "LanguageFeatures\LanguageFeatures.csproj", "{9B9784FB-D629-4C6C-83EE-CF223E4164CE}"
EndProject
Project("{2150E333-8FDC-42A3-9474-1A3956D46DE8}") = "Testing", "Testing", "{7F3CDB51-1977-4061-9EBE-14174975117A}"
EndProject
Project("{9A19103F-16F7-4668-BE54-9A1E7A4F7556}") = "SimpleApp", "Testing\SimpleApp\SimpleApp.csproj", "{4E288D7E-E899-4971-8B98-5E30365946F1}"
EndProject
Project("{9A19103F-16F7-4668-BE54-9A1E7A4F7556}") = "SimpleApp.Tests", "Testing\SimpleApp.Tests\SimpleApp.Tests.csproj", "{D3D68353-2AA7-4C51-83A1-F69E8731E8CB}"
EndProject
Project("{9A19103F-16F7-4668-BE54-9A1E7A4F7556}") = "PartyInvites", "PartyInvites\PartyInvites.csproj", "{C5E1FEED-D313-4877-B077-7698DBF79909}"
EndProject
Project("{2150E333-8FDC-42A3-9474-1A3956D46DE8}") = "SportsStore", "SportsStore", "{FA44B66F-2345-494B-A9EF-B7ACD4559810}"
EndProject
Project("{9A19103F-16F7-4668-BE54-9A1E7A4F7556}") = "SportsStore", "SportsStore\SportsStore.csproj", "{A58971BF-BD2A-4631-8700-6617E98A13C2}"
EndProject
Project("{2150E333-8FDC-42A3-9474-1A3956D46DE8}") = "LanguageFeatures", "LanguageFeatures", "{15669549-A24D-4BFB-AB6E-27F4D5FDA21E}"
EndProject
Project("{2150E333-8FDC-42A3-9474-1A3956D46DE8}") = "PartyInvites", "PartyInvites", "{EBBE1058-84BE-4C9D-AFE0-D511512E05F4}"
EndProject
Global
	GlobalSection(SolutionConfigurationPlatforms) = preSolution
		Debug|Any CPU = Debug|Any CPU
		Release|Any CPU = Release|Any CPU
	EndGlobalSection
	GlobalSection(ProjectConfigurationPlatforms) = postSolution
		{9B9784FB-D629-4C6C-83EE-CF223E4164CE}.Debug|Any CPU.ActiveCfg = Debug|Any CPU
		{9B9784FB-D629-4C6C-83EE-CF223E4164CE}.Debug|Any CPU.Build.0 = Debug|Any CPU
		{9B9784FB-D629-4C6C-83EE-CF223E4164CE}.Release|Any CPU.ActiveCfg = Release|Any CPU
		{9B9784FB-D629-4C6C-83EE-CF223E4164CE}.Release|Any CPU.Build.0 = Release|Any CPU
		{4E288D7E-E899-4971-8B98-5E30365946F1}.Debug|Any CPU.ActiveCfg = Debug|Any CPU
		{4E288D7E-E899-4971-8B98-5E30365946F1}.Debug|Any CPU.Build.0 = Debug|Any CPU
		{4E288D7E-E899-4971-8B98-5E30365946F1}.Release|Any CPU.ActiveCfg = Release|Any CPU
		{4E288D7E-E899-4971-8B98-5E30365946F1}.Release|Any CPU.Build.0 = Release|Any CPU
		{D3D68353-2AA7-4C51-83A1-F69E8731E8CB}.Debug|Any CPU.ActiveCfg = Debug|Any CPU
		{D3D68353-2AA7-4C51-83A1-F69E8731E8CB}.Debug|Any CPU.Build.0 = Debug|Any CPU
		{D3D68353-2AA7-4C51-83A1-F69E8731E8CB}.Release|Any CPU.ActiveCfg = Release|Any CPU
		{D3D68353-2AA7-4C51-83A1-F69E8731E8CB}.Release|Any CPU.Build.0 = Release|Any CPU
		{C5E1FEED-D313-4877-B077-7698DBF79909}.Debug|Any CPU.ActiveCfg = Debug|Any CPU
		{C5E1FEED-D313-4877-B077-7698DBF79909}.Debug|Any CPU.Build.0 = Debug|Any CPU
		{C5E1FEED-D313-4877-B077-7698DBF79909}.Release|Any CPU.ActiveCfg = Release|Any CPU
		{C5E1FEED-D313-4877-B077-7698DBF79909}.Release|Any CPU.Build.0 = Release|Any CPU
		{A58971BF-BD2A-4631-8700-6617E98A13C2}.Debug|Any CPU.ActiveCfg = Debug|Any CPU
		{A58971BF-BD2A-4631-8700-6617E98A13C2}.Debug|Any CPU.Build.0 = Debug|Any CPU
		{A58971BF-BD2A-4631-8700-6617E98A13C2}.Release|Any CPU.ActiveCfg = Release|Any CPU
		{A58971BF-BD2A-4631-8700-6617E98A13C2}.Release|Any CPU.Build.0 = Release|Any CPU
	EndGlobalSection
	GlobalSection(SolutionProperties) = preSolution
		HideSolutionNode = FALSE
	EndGlobalSection
	GlobalSection(NestedProjects) = preSolution
		{9B9784FB-D629-4C6C-83EE-CF223E4164CE} = {15669549-A24D-4BFB-AB6E-27F4D5FDA21E}
		{4E288D7E-E899-4971-8B98-5E30365946F1} = {7F3CDB51-1977-4061-9EBE-14174975117A}
		{D3D68353-2AA7-4C51-83A1-F69E8731E8CB} = {7F3CDB51-1977-4061-9EBE-14174975117A}
		{C5E1FEED-D313-4877-B077-7698DBF79909} = {EBBE1058-84BE-4C9D-AFE0-D511512E05F4}
		{A58971BF-BD2A-4631-8700-6617E98A13C2} = {FA44B66F-2345-494B-A9EF-B7ACD4559810}
	EndGlobalSection
	GlobalSection(ExtensibilityGlobals) = postSolution
		SolutionGuid = {30C3E1E1-9C44-4A81-A63D-433ABE865242}
	EndGlobalSection
EndGlobal
